
Microsoft Visual Studio Solution File, Format Version 12.00
# Visual Studio Version 16
VisualStudioVersion = 16.0.30320.27
MinimumVisualStudioVersion = 10.0.40219.1
Project("{FAE04EC0-301F-11D3-BF4B-00C04F79EFBC}") = "MISA.UnitTest.Demo", "MISA.UnitTest.Demo\MISA.UnitTest.Demo.csproj", "{C11137FE-C7F1-4B79-9D84-203EC71EAE7E}"
EndProject
Project("{FAE04EC0-301F-11D3-BF4B-00C04F79EFBC}") = "MISA.UnitTest.Test", "MISA.UnitTest.Test\MISA.UnitTest.Test.csproj", "{7A99D3AD-3CA7-4727-846C-817C690BE8D5}"
EndProject
Global
	GlobalSection(SolutionConfigurationPlatforms) = preSolution
		Debug|Any CPU = Debug|Any CPU
		Release|Any CPU = Release|Any CPU
	EndGlobalSection
	GlobalSection(ProjectConfigurationPlatforms) = postSolution
		{C11137FE-C7F1-4B79-9D84-203EC71EAE7E}.Debug|Any CPU.ActiveCfg = Debug|Any CPU
		{C11137FE-C7F1-4B79-9D84-203EC71EAE7E}.Debug|Any CPU.Build.0 = Debug|Any CPU
		{C11137FE-C7F1-4B79-9D84-203EC71EAE7E}.Release|Any CPU.ActiveCfg = Release|Any CPU
		{C11137FE-C7F1-4B79-9D84-203EC71EAE7E}.Release|Any CPU.Build.0 = Release|Any CPU
		{7A99D3AD-3CA7-4727-846C-817C690BE8D5}.Debug|Any CPU.ActiveCfg = Debug|Any CPU
		{7A99D3AD-3CA7-4727-846C-817C690BE8D5}.Debug|Any CPU.Build.0 = Debug|Any CPU
		{7A99D3AD-3CA7-4727-846C-817C690BE8D5}.Release|Any CPU.ActiveCfg = Release|Any CPU
		{7A99D3AD-3CA7-4727-846C-817C690BE8D5}.Release|Any CPU.Build.0 = Release|Any CPU
	EndGlobalSection
	GlobalSection(SolutionProperties) = preSolution
		HideSolutionNode = FALSE
	EndGlobalSection
	GlobalSection(ExtensibilityGlobals) = postSolution
		SolutionGuid = {A8AA39C8-C53A-4209-A840-60F3D15E1384}
	EndGlobalSection
EndGlobal
